
Microsoft Visual Studio Solution File, Format Version 12.00
# Visual Studio Version 17
VisualStudioVersion = 17.14.36518.9
MinimumVisualStudioVersion = 10.0.40219.1
Project("{FAE04EC0-301F-11D3-BF4B-00C04F79EFBC}") = "01_TemelKonular", "01_TemelKonular\01_TemelKonular.csproj", "{5F510E97-5B14-4878-B0B3-F7DE09CB0773}"
EndProject
Project("{FAE04EC0-301F-11D3-BF4B-00C04F79EFBC}") = "02_Variables", "02_Variables\02_Variables.csproj", "{6420FBD8-69C6-4175-8180-3C7FC55880FC}"
EndProject
Project("{FAE04EC0-301F-11D3-BF4B-00C04F79EFBC}") = "03_MakingDecision", "03_MakingDecision\03_MakingDecision.csproj", "{D6113002-97F8-438C-8E62-387550B73105}"
EndProject
Project("{FAE04EC0-301F-11D3-BF4B-00C04F79EFBC}") = "04_Loops", "04_Loops\04_Loops.csproj", "{0B01574D-96CF-4CC7-975A-734B594734B2}"
EndProject
Global
	GlobalSection(SolutionConfigurationPlatforms) = preSolution
		Debug|Any CPU = Debug|Any CPU
		Release|Any CPU = Release|Any CPU
	EndGlobalSection
	GlobalSection(ProjectConfigurationPlatforms) = postSolution
		{5F510E97-5B14-4878-B0B3-F7DE09CB0773}.Debug|Any CPU.ActiveCfg = Debug|Any CPU
		{5F510E97-5B14-4878-B0B3-F7DE09CB0773}.Debug|Any CPU.Build.0 = Debug|Any CPU
		{5F510E97-5B14-4878-B0B3-F7DE09CB0773}.Release|Any CPU.ActiveCfg = Release|Any CPU
		{5F510E97-5B14-4878-B0B3-F7DE09CB0773}.Release|Any CPU.Build.0 = Release|Any CPU
		{6420FBD8-69C6-4175-8180-3C7FC55880FC}.Debug|Any CPU.ActiveCfg = Debug|Any CPU
		{6420FBD8-69C6-4175-8180-3C7FC55880FC}.Debug|Any CPU.Build.0 = Debug|Any CPU
		{6420FBD8-69C6-4175-8180-3C7FC55880FC}.Release|Any CPU.ActiveCfg = Release|Any CPU
		{6420FBD8-69C6-4175-8180-3C7FC55880FC}.Release|Any CPU.Build.0 = Release|Any CPU
		{D6113002-97F8-438C-8E62-387550B73105}.Debug|Any CPU.ActiveCfg = Debug|Any CPU
		{D6113002-97F8-438C-8E62-387550B73105}.Debug|Any CPU.Build.0 = Debug|Any CPU
		{D6113002-97F8-438C-8E62-387550B73105}.Release|Any CPU.ActiveCfg = Release|Any CPU
		{D6113002-97F8-438C-8E62-387550B73105}.Release|Any CPU.Build.0 = Release|Any CPU
		{0B01574D-96CF-4CC7-975A-734B594734B2}.Debug|Any CPU.ActiveCfg = Debug|Any CPU
		{0B01574D-96CF-4CC7-975A-734B594734B2}.Debug|Any CPU.Build.0 = Debug|Any CPU
		{0B01574D-96CF-4CC7-975A-734B594734B2}.Release|Any CPU.ActiveCfg = Release|Any CPU
		{0B01574D-96CF-4CC7-975A-734B594734B2}.Release|Any CPU.Build.0 = Release|Any CPU
	EndGlobalSection
	GlobalSection(SolutionProperties) = preSolution
		HideSolutionNode = FALSE
	EndGlobalSection
	GlobalSection(ExtensibilityGlobals) = postSolution
		SolutionGuid = {BB293B97-25CC-41A3-9766-690C769029B4}
	EndGlobalSection
EndGlobal
